crawshaw.io/iox v0.0.0-20181124134642-c51c3df30797/go.mod h1:sXBiorCo8c46JlQV3oXPKINnZ8mcqnye1EkVkqsectk=
crawshaw.io/sqlite v0.1.2 h1:N17234KSbrpALUSEJ5AjTTf1u5Oym+FCXpBAs9Vi2Z4=
crawshaw.io/sqlite v0.1.2/go.mod h1:BZaitnE9BVpocOuCdi/y5XReJMUelG53e/rDSLwSFzY=
crawshaw.io/sqlite v0.3.2 h1:N6IzTjkiw9FItHAa0jp+ZKC6tuLzXqAYIv+ccIWos1I=
crawshaw.io/sqlite v0.3.2/go.mod h1:igAO5JulrQ1DbdZdtVq48mnZUBAPOeFzer7VhDWNtW4=
github.com/fsnotify/fsnotify v1.4.7 h1:IXs+QLmnXW2CcXuY+8Mzv/fWEsPGWxqefPtCP5CnV9I=
github.com/fsnotify/fsnotify v1.4.7/go.mod h1:jwhsz4b93w/PPRr/qN1Yymfu8t87LnFCMoQvtojpjFo=
github.com/fsnotify/fsnotify v1.4.9 h1:hsms1Qyu0jgnwNXIxa+/V/PDsU6CfLf6CNO8H7IWoS4=
github.com/fsnotify/fsnotify v1.4.9/go.mod h1:znqG4EE+3YCdAaPaxE2ZRY/06pZUdp0tY4IgpuI1SZQ=
github.com/fsnotify/fsnotify v1.6.0 h1:n+5WquG0fcWoWp6xPWfHdbskMCQaFnG6PfBrh1Ky4HY=
github.com/fsnotify/fsnotify v1.6.0/go.mod h1:sl3t1tCWJFWoRz9R8WJCbQihKKwmorjAbSClcnxKAGw=
golang.org/x/sys v0.0.0-20190813064441-fde4db37ae7a h1:aYOabOQFp6Vj6W1F80affTUvO9UxmJRx8K0gsfABByQ=
golang.org/x/sys v0.0.0-20190813064441-fde4db37ae7a/go.mod h1:h1NjWce9XRLGQEsW7wpKNCjG9DtNlClVuFLEZdDNbEs=
golang.org/x/sys v0.0.0-20191005200804-aed5e4c7ecf9/go.mod h1:h1NjWce9XRLGQEsW7wpKNCjG9DtNlClVuFLEZdDNbEs=
golang.org/x/sys v0.0.0-20210415045647-66c3f260301c h1:6L+uOeS3OQt/f4eFHXZcTxeZrGCuz+CLElgEBjbcTA4=
golang.org/x/sys v0.0.0-20210415045647-66c3f260301c/go.mod h1:h1NjWce9XRLGQEsW7wpKNCjG9DtNlClVuFLEZdDNbEs=
golang.org/x/sys v0.0.0-20220908164124-27713097b956 h1:XeJjHH1KiLpKGb6lvMiksZ9l0fVUh+AmGcm0nOMEBOY=
golang.org/x/sys v0.0.0-20220908164124-27713097b956/go.mod h1:oPkhp1MJrh7nUepCBck5+mAzfO9JrbApNNgaTdGDITg=
