# This file is autogenerated, do not edit; changes may be undone by the next 'dep ensure'.


[[projects]]
  digest = "1:305f70b04fb6c50e99390fb8b7979a8340671f22c7b3450539ae11a2702c83c9"
  name = "crawshaw.io/sqlite"
  packages = ["."]
  pruneopts = "UT"
  revision = "3eafba8f1fa218c020ecd7408262a7469c95e008"
  version = "v0.1.2"

[[projects]]
  digest = "1:abeb38ade3f32a92943e5be54f55ed6d6e3b6602761d74b4aab4c9dd45c18abd"
  name = "github.com/fsnotify/fsnotify"
  packages = ["."]
  pruneopts = "UT"
  revision = "c2828203cd70a50dcccfb2761f8b1f8ceef9a8e9"
  version = "v1.4.7"

[[projects]]
  branch = "master"
  digest = "1:47844666be86089349a441f5f0ece22f42a87a8cb8c9a31294c593f43209ad19"
  name = "golang.org/x/sys"
  packages = ["unix"]
  pruneopts = "UT"
  revision = "fde4db37ae7ad8191b03d30d27f258b5291ae4e3"

[solve-meta]
  analyzer-name = "dep"
  analyzer-version = 1
  input-imports = [
    "crawshaw.io/sqlite",
    "github.com/fsnotify/fsnotify",
  ]
  solver-name = "gps-cdcl"
  solver-version = 1
